
Microsoft Visual Studio Solution File, Format Version 12.00
# Visual Studio Version 17
VisualStudioVersion = 17.4.33213.308
MinimumVisualStudioVersion = 10.0.40219.1
Project("{FAE04EC0-301F-11D3-BF4B-00C04F79EFBC}") = "NGOK_SpreadSheetTTS_WPF_Project", "NGOK_SpreadSheetTTS_WPF_Project\NGOK_SpreadSheetTTS_WPF_Project.csproj", "{B3EC54C1-D0DD-4EAC-B89D-1F07DD3C023C}"
EndProject
Global
	GlobalSection(SolutionConfigurationPlatforms) = preSolution
		Debug|Any CPU = Debug|Any CPU
		Release|Any CPU = Release|Any CPU
	EndGlobalSection
	GlobalSection(ProjectConfigurationPlatforms) = postSolution
		{B3EC54C1-D0DD-4EAC-B89D-1F07DD3C023C}.Debug|Any CPU.ActiveCfg = Debug|Any CPU
		{B3EC54C1-D0DD-4EAC-B89D-1F07DD3C023C}.Debug|Any CPU.Build.0 = Debug|Any CPU
		{B3EC54C1-D0DD-4EAC-B89D-1F07DD3C023C}.Release|Any CPU.ActiveCfg = Release|Any CPU
		{B3EC54C1-D0DD-4EAC-B89D-1F07DD3C023C}.Release|Any CPU.Build.0 = Release|Any CPU
	EndGlobalSection
	GlobalSection(SolutionProperties) = preSolution
		HideSolutionNode = FALSE
	EndGlobalSection
	GlobalSection(ExtensibilityGlobals) = postSolution
		SolutionGuid = {E90BF276-4A9E-4EC1-AFBD-4BF2B85DF1F9}
	EndGlobalSection
EndGlobal
